
Microsoft Visual Studio Solution File, Format Version 12.00
# Visual Studio Version 17
VisualStudioVersion = 17.8.34330.188
MinimumVisualStudioVersion = 10.0.40219.1
Project("{FAE04EC0-301F-11D3-BF4B-00C04F79EFBC}") = "OtusBasicGradWork", "OtusBasicGradWork.csproj", "{56667FC7-7B33-458B-8FB4-F592FAF7E5DB}"
EndProject
Global
	GlobalSection(SolutionConfigurationPlatforms) = preSolution
		Debug|Any CPU = Debug|Any CPU
		Release|Any CPU = Release|Any CPU
	EndGlobalSection
	GlobalSection(ProjectConfigurationPlatforms) = postSolution
		{56667FC7-7B33-458B-8FB4-F592FAF7E5DB}.Debug|Any CPU.ActiveCfg = Debug|Any CPU
		{56667FC7-7B33-458B-8FB4-F592FAF7E5DB}.Debug|Any CPU.Build.0 = Debug|Any CPU
		{56667FC7-7B33-458B-8FB4-F592FAF7E5DB}.Release|Any CPU.ActiveCfg = Release|Any CPU
		{56667FC7-7B33-458B-8FB4-F592FAF7E5DB}.Release|Any CPU.Build.0 = Release|Any CPU
	EndGlobalSection
	GlobalSection(SolutionProperties) = preSolution
		HideSolutionNode = FALSE
	EndGlobalSection
	GlobalSection(ExtensibilityGlobals) = postSolution
		SolutionGuid = {5E794E51-6B08-4857-BD06-35AFDF22A912}
	EndGlobalSection
EndGlobal
